{
  "requires": true,
  "lockfileVersion": 1,
  "dependencies": {
    "@wojtekmaj/date-utils": {
      "version": "1.0.2",
      "resolved": "https://registry.npmjs.org/@wojtekmaj/date-utils/-/date-utils-1.0.2.tgz",
      "integrity": "sha512-sOu+uH3jzsECLg3YGH++/pLWs8S4eKiXMwMIcotE62CO9AB/HRyhZ0ISwann/30DLnfCw4skvr8h9gF3aafhPA=="
    },
    "get-user-locale": {
      "version": "1.3.0",
      "resolved": "https://registry.npmjs.org/get-user-locale/-/get-user-locale-1.3.0.tgz",
      "integrity": "sha512-c5N8P0upjxCF9unIC2vTA+B+8nN7kU/D/TeItMAVYhWIIksyoULM1aflKflXM3w+Ij6vF/JZys+QcwIoDuy3Ag==",
      "requires": {
        "lodash.once": "4.1.1"
      }
    },
    "js-tokens": {
      "version": "4.0.0",
      "resolved": "https://registry.npmjs.org/js-tokens/-/js-tokens-4.0.0.tgz",
      "integrity": "sha512-RdJUflcE3cUzKiMqQgsCu06FPu9UdIJO0beYbPhHN4k6apgJtifcoCtT9bcxOpYBtpD2kCM6Sbzg4CausW/PKQ=="
    },
    "keyboard-key": {
      "version": "1.1.0",
      "resolved": "https://registry.npmjs.org/keyboard-key/-/keyboard-key-1.1.0.tgz",
      "integrity": "sha512-qkBzPTi3rlAKvX7k0/ub44sqOfXeLc/jcnGGmj5c7BJpU8eDrEVPyhCvNYAaoubbsLm9uGWwQJO1ytQK1a9/dQ=="
    },
    "lodash": {
      "version": "4.17.15",
      "resolved": "https://registry.npmjs.org/lodash/-/lodash-4.17.15.tgz",
      "integrity": "sha512-8xOcRHvCjnocdS5cpwXQXVzmmh5e5+saE2QGoeQmbKmRS6J3VQppPOIt0MnmE+4xlZoumy0GPG0D0MVIQbNA1A=="
    },
    "lodash.once": {
      "version": "4.1.1",
      "resolved": "https://registry.npmjs.org/lodash.once/-/lodash.once-4.1.1.tgz",
      "integrity": "sha1-DdOXEhPHxW34gJd9UEyI+0cal6w="
    },
    "loose-envify": {
      "version": "1.4.0",
      "resolved": "https://registry.npmjs.org/loose-envify/-/loose-envify-1.4.0.tgz",
      "integrity": "sha512-lyuxPGr/Wfhrlem2CL/UcnUc1zcqKAImBDzukY7Y5F/yQiNdko6+fRLevlw1HgMySw7f611UIY408EtxRSoK3Q==",
      "requires": {
        "js-tokens": "4.0.0"
      }
    },
    "merge-class-names": {
      "version": "1.3.0",
      "resolved": "https://registry.npmjs.org/merge-class-names/-/merge-class-names-1.3.0.tgz",
      "integrity": "sha512-k0Qaj36VBpKgdc8c188LEZvo6v/zzry/FUufwopWbMSp6/knfVFU/KIB55/hJjeIpg18IH2WskXJCRnM/1BrdQ=="
    },
    "moment": {
      "version": "2.24.0",
      "resolved": "https://registry.npmjs.org/moment/-/moment-2.24.0.tgz",
      "integrity": "sha512-bV7f+6l2QigeBBZSM/6yTNq4P2fNpSWj/0e7jQcy87A8e7o2nAfP/34/2ky5Vw4B9S446EtIhodAzkFCcR4dQg=="
    },
    "object-assign": {
      "version": "4.1.1",
      "resolved": "https://registry.npmjs.org/object-assign/-/object-assign-4.1.1.tgz",
      "integrity": "sha1-IQmtx5ZYh8/AXLvUQsrIv7s2CGM="
    },
    "prop-types": {
      "version": "15.7.2",
      "resolved": "https://registry.npmjs.org/prop-types/-/prop-types-15.7.2.tgz",
      "integrity": "sha512-8QQikdH7//R2vurIJSutZ1smHYTcLpRWEOlHnzcWHmBYrOGUysKwSsrC89BCiFj3CbrfJ/nXFdJepOVrY1GCHQ==",
      "requires": {
        "loose-envify": "1.4.0",
        "object-assign": "4.1.1",
        "react-is": "16.13.1"
      }
    },
    "react-calendar": {
      "version": "3.0.0",
      "resolved": "https://registry.npmjs.org/react-calendar/-/react-calendar-3.0.0.tgz",
      "integrity": "sha512-QKtil2ISt4gFgZ1Dv/KuW5KdtOb9WaA9K8MV3fDMGEklP2LnH/TpVQp6Hc3ORds82oXd1i3vuMxj1iD9gYNiWw==",
      "requires": {
        "@wojtekmaj/date-utils": "1.0.2",
        "get-user-locale": "1.3.0",
        "merge-class-names": "1.3.0",
        "prop-types": "15.7.2"
      }
    },
    "react-is": {
      "version": "16.13.1",
      "resolved": "https://registry.npmjs.org/react-is/-/react-is-16.13.1.tgz",
      "integrity": "sha512-24e6ynE2H+OKt4kqsOvNd8kBpV65zoxbA4BVsEOB3ARVWQki/DHzaUoC5KuON/BiccDaCCTZBuOcfZs70kR8bQ=="
    },
    "semantic-ui-calendar-react": {
      "version": "0.15.3",
      "resolved": "https://registry.npmjs.org/semantic-ui-calendar-react/-/semantic-ui-calendar-react-0.15.3.tgz",
      "integrity": "sha512-cXlg/dJf0z/dydnol1GCy9ssccXBAGYhmka9W2KNXqqW+B0mgPhu6ugWOjGD4i99e3dnNl1QVqYvQpQcpkcEIg==",
      "requires": {
        "keyboard-key": "1.1.0",
        "lodash": "4.17.15",
        "moment": "2.24.0",
        "prop-types": "15.7.2"
      }
    }
  }
}
